
Microsoft Visual Studio Solution File, Format Version 12.00
# Visual Studio Version 16
VisualStudioVersion = 16.0.31005.135
MinimumVisualStudioVersion = 10.0.40219.1
Project("{FAE04EC0-301F-11D3-BF4B-00C04F79EFBC}") = "ExcelExport", "ExcelExport\ExcelExport.csproj", "{A09A9EB0-E76B-4F98-9F4D-9B5B807A3180}"
EndProject
Global
	GlobalSection(SolutionConfigurationPlatforms) = preSolution
		Debug|Any CPU = Debug|Any CPU
		Release|Any CPU = Release|Any CPU
	EndGlobalSection
	GlobalSection(ProjectConfigurationPlatforms) = postSolution
		{A09A9EB0-E76B-4F98-9F4D-9B5B807A3180}.Debug|Any CPU.ActiveCfg = Debug|Any CPU
		{A09A9EB0-E76B-4F98-9F4D-9B5B807A3180}.Debug|Any CPU.Build.0 = Debug|Any CPU
		{A09A9EB0-E76B-4F98-9F4D-9B5B807A3180}.Release|Any CPU.ActiveCfg = Release|Any CPU
		{A09A9EB0-E76B-4F98-9F4D-9B5B807A3180}.Release|Any CPU.Build.0 = Release|Any CPU
	EndGlobalSection
	GlobalSection(SolutionProperties) = preSolution
		HideSolutionNode = FALSE
	EndGlobalSection
	GlobalSection(ExtensibilityGlobals) = postSolution
		SolutionGuid = {B35546A3-7335-493B-8016-3439ACB53B1C}
	EndGlobalSection
EndGlobal
