
Microsoft Visual Studio Solution File, Format Version 12.00
# Visual Studio Version 16
VisualStudioVersion = 16.0.31005.135
MinimumVisualStudioVersion = 10.0.40219.1
Project("{FAE04EC0-301F-11D3-BF4B-00C04F79EFBC}") = "UserMaintenance", "UserMaintenance\UserMaintenance.csproj", "{49C3F49F-D974-43C0-B718-D6C790537CAF}"
EndProject
Global
	GlobalSection(SolutionConfigurationPlatforms) = preSolution
		Debug|Any CPU = Debug|Any CPU
		Release|Any CPU = Release|Any CPU
	EndGlobalSection
	GlobalSection(ProjectConfigurationPlatforms) = postSolution
		{49C3F49F-D974-43C0-B718-D6C790537CAF}.Debug|Any CPU.ActiveCfg = Debug|Any CPU
		{49C3F49F-D974-43C0-B718-D6C790537CAF}.Debug|Any CPU.Build.0 = Debug|Any CPU
		{49C3F49F-D974-43C0-B718-D6C790537CAF}.Release|Any CPU.ActiveCfg = Release|Any CPU
		{49C3F49F-D974-43C0-B718-D6C790537CAF}.Release|Any CPU.Build.0 = Release|Any CPU
	EndGlobalSection
	GlobalSection(SolutionProperties) = preSolution
		HideSolutionNode = FALSE
	EndGlobalSection
	GlobalSection(ExtensibilityGlobals) = postSolution
		SolutionGuid = {755C0359-15B9-47EA-BD4C-6FAA8ACC84EC}
	EndGlobalSection
EndGlobal
