
Microsoft Visual Studio Solution File, Format Version 12.00
# Visual Studio Version 16
VisualStudioVersion = 16.0.31005.135
MinimumVisualStudioVersion = 10.0.40219.1
Project("{FAE04EC0-301F-11D3-BF4B-00C04F79EFBC}") = "SantaFactory", "SantaFactory\SantaFactory.csproj", "{24887308-FE9B-4B55-953E-145A0B2E4BB5}"
EndProject
Global
	GlobalSection(SolutionConfigurationPlatforms) = preSolution
		Debug|Any CPU = Debug|Any CPU
		Release|Any CPU = Release|Any CPU
	EndGlobalSection
	GlobalSection(ProjectConfigurationPlatforms) = postSolution
		{24887308-FE9B-4B55-953E-145A0B2E4BB5}.Debug|Any CPU.ActiveCfg = Debug|Any CPU
		{24887308-FE9B-4B55-953E-145A0B2E4BB5}.Debug|Any CPU.Build.0 = Debug|Any CPU
		{24887308-FE9B-4B55-953E-145A0B2E4BB5}.Release|Any CPU.ActiveCfg = Release|Any CPU
		{24887308-FE9B-4B55-953E-145A0B2E4BB5}.Release|Any CPU.Build.0 = Release|Any CPU
	EndGlobalSection
	GlobalSection(SolutionProperties) = preSolution
		HideSolutionNode = FALSE
	EndGlobalSection
	GlobalSection(ExtensibilityGlobals) = postSolution
		SolutionGuid = {760EAEC8-F75F-4ECC-92DE-DC0888A5FA17}
	EndGlobalSection
EndGlobal
